
Microsoft Visual Studio Solution File, Format Version 12.00
# Visual Studio 15
VisualStudioVersion = 15.0.28307.106
MinimumVisualStudioVersion = 10.0.40219.1
Project("{9A19103F-16F7-4668-BE54-9A1E7A4F7556}") = "Entities", "Entities\Entities.csproj", "{E0B444ED-F8A7-4C85-9AA1-183324889241}"
EndProject
Project("{9A19103F-16F7-4668-BE54-9A1E7A4F7556}") = "DataAccess.Read", "DataAccess\DataAccess.Read.csproj", "{6CB900EF-087F-4520-9CA2-9072B39421DB}"
EndProject
Project("{2150E333-8FDC-42A3-9474-1A3956D46DE8}") = "01 - Entities", "01 - Entities", "{7C367E70-A885-4142-B1CA-54EF5C76ADCD}"
EndProject
Project("{2150E333-8FDC-42A3-9474-1A3956D46DE8}") = "02 - Models", "02 - Models", "{EE19DC08-F899-4554-B115-D47C5634002C}"
EndProject
Project("{2150E333-8FDC-42A3-9474-1A3956D46DE8}") = "03 - DataAccess", "03 - DataAccess", "{F696A151-25F8-42F0-BD4F-81D7C0EC2F8C}"
EndProject
Project("{2150E333-8FDC-42A3-9474-1A3956D46DE8}") = "04 - BusinessLogic", "04 - BusinessLogic", "{2E0E1696-6E7E-49E8-9BBC-C31222F3288A}"
EndProject
Project("{2150E333-8FDC-42A3-9474-1A3956D46DE8}") = "05 - Services", "05 - Services", "{F7B9AD96-5E21-4F44-B597-44A21D86B661}"
EndProject
Project("{9A19103F-16F7-4668-BE54-9A1E7A4F7556}") = "Models.Write", "Models.Write\Models.Write.csproj", "{FD4129B3-A9F5-4C62-8F36-A9BA50EF3FF9}"
EndProject
Project("{9A19103F-16F7-4668-BE54-9A1E7A4F7556}") = "DataAccess.Write", "DataAccess.Write\DataAccess.Write.csproj", "{27B1E2D6-484F-49D3-8AE3-BBA7644705DD}"
EndProject
Project("{9A19103F-16F7-4668-BE54-9A1E7A4F7556}") = "BusinessLogic.Write", "BusinessLogic.Write\BusinessLogic.Write.csproj", "{1A7F3695-0C3A-4465-A4D5-F7B8B70197DF}"
EndProject
Project("{9A19103F-16F7-4668-BE54-9A1E7A4F7556}") = "BusinessLogic.Read", "BusinessLogic.Read\BusinessLogic.Read.csproj", "{D76E906F-073D-4509-BF16-A6609ED0CC95}"
EndProject
Project("{9A19103F-16F7-4668-BE54-9A1E7A4F7556}") = "Models.Read", "Models.Read\Models.Read.csproj", "{49E91170-3EC7-4F96-A7CF-548D80DC3E18}"
EndProject
Project("{9A19103F-16F7-4668-BE54-9A1E7A4F7556}") = "BusinessLogic.Read.Common", "BusinessLogic.Read.Common\BusinessLogic.Read.Common.csproj", "{D682BAB3-5A59-4717-9A7A-275B11271AA5}"
EndProject
Project("{9A19103F-16F7-4668-BE54-9A1E7A4F7556}") = "Service.Read", "Service.Read\Service.Read.csproj", "{D17C75FB-9A93-4B3C-98D1-1520F78B212B}"
EndProject
Project("{9A19103F-16F7-4668-BE54-9A1E7A4F7556}") = "Service.Write", "Service.Write\Service.Write.csproj", "{038E0E16-88B1-4273-94AB-064F53C77F1B}"
EndProject
Global
	GlobalSection(SolutionConfigurationPlatforms) = preSolution
		Debug|Any CPU = Debug|Any CPU
		Release|Any CPU = Release|Any CPU
	EndGlobalSection
	GlobalSection(ProjectConfigurationPlatforms) = postSolution
		{E0B444ED-F8A7-4C85-9AA1-183324889241}.Debug|Any CPU.ActiveCfg = Debug|Any CPU
		{E0B444ED-F8A7-4C85-9AA1-183324889241}.Debug|Any CPU.Build.0 = Debug|Any CPU
		{E0B444ED-F8A7-4C85-9AA1-183324889241}.Release|Any CPU.ActiveCfg = Release|Any CPU
		{E0B444ED-F8A7-4C85-9AA1-183324889241}.Release|Any CPU.Build.0 = Release|Any CPU
		{6CB900EF-087F-4520-9CA2-9072B39421DB}.Debug|Any CPU.ActiveCfg = Debug|Any CPU
		{6CB900EF-087F-4520-9CA2-9072B39421DB}.Debug|Any CPU.Build.0 = Debug|Any CPU
		{6CB900EF-087F-4520-9CA2-9072B39421DB}.Release|Any CPU.ActiveCfg = Release|Any CPU
		{6CB900EF-087F-4520-9CA2-9072B39421DB}.Release|Any CPU.Build.0 = Release|Any CPU
		{FD4129B3-A9F5-4C62-8F36-A9BA50EF3FF9}.Debug|Any CPU.ActiveCfg = Debug|Any CPU
		{FD4129B3-A9F5-4C62-8F36-A9BA50EF3FF9}.Debug|Any CPU.Build.0 = Debug|Any CPU
		{FD4129B3-A9F5-4C62-8F36-A9BA50EF3FF9}.Release|Any CPU.ActiveCfg = Release|Any CPU
		{FD4129B3-A9F5-4C62-8F36-A9BA50EF3FF9}.Release|Any CPU.Build.0 = Release|Any CPU
		{27B1E2D6-484F-49D3-8AE3-BBA7644705DD}.Debug|Any CPU.ActiveCfg = Debug|Any CPU
		{27B1E2D6-484F-49D3-8AE3-BBA7644705DD}.Debug|Any CPU.Build.0 = Debug|Any CPU
		{27B1E2D6-484F-49D3-8AE3-BBA7644705DD}.Release|Any CPU.ActiveCfg = Release|Any CPU
		{27B1E2D6-484F-49D3-8AE3-BBA7644705DD}.Release|Any CPU.Build.0 = Release|Any CPU
		{1A7F3695-0C3A-4465-A4D5-F7B8B70197DF}.Debug|Any CPU.ActiveCfg = Debug|Any CPU
		{1A7F3695-0C3A-4465-A4D5-F7B8B70197DF}.Debug|Any CPU.Build.0 = Debug|Any CPU
		{1A7F3695-0C3A-4465-A4D5-F7B8B70197DF}.Release|Any CPU.ActiveCfg = Release|Any CPU
		{1A7F3695-0C3A-4465-A4D5-F7B8B70197DF}.Release|Any CPU.Build.0 = Release|Any CPU
		{D76E906F-073D-4509-BF16-A6609ED0CC95}.Debug|Any CPU.ActiveCfg = Debug|Any CPU
		{D76E906F-073D-4509-BF16-A6609ED0CC95}.Debug|Any CPU.Build.0 = Debug|Any CPU
		{D76E906F-073D-4509-BF16-A6609ED0CC95}.Release|Any CPU.ActiveCfg = Release|Any CPU
		{D76E906F-073D-4509-BF16-A6609ED0CC95}.Release|Any CPU.Build.0 = Release|Any CPU
		{49E91170-3EC7-4F96-A7CF-548D80DC3E18}.Debug|Any CPU.ActiveCfg = Debug|Any CPU
		{49E91170-3EC7-4F96-A7CF-548D80DC3E18}.Debug|Any CPU.Build.0 = Debug|Any CPU
		{49E91170-3EC7-4F96-A7CF-548D80DC3E18}.Release|Any CPU.ActiveCfg = Release|Any CPU
		{49E91170-3EC7-4F96-A7CF-548D80DC3E18}.Release|Any CPU.Build.0 = Release|Any CPU
		{D682BAB3-5A59-4717-9A7A-275B11271AA5}.Debug|Any CPU.ActiveCfg = Debug|Any CPU
		{D682BAB3-5A59-4717-9A7A-275B11271AA5}.Debug|Any CPU.Build.0 = Debug|Any CPU
		{D682BAB3-5A59-4717-9A7A-275B11271AA5}.Release|Any CPU.ActiveCfg = Release|Any CPU
		{D682BAB3-5A59-4717-9A7A-275B11271AA5}.Release|Any CPU.Build.0 = Release|Any CPU
		{D17C75FB-9A93-4B3C-98D1-1520F78B212B}.Debug|Any CPU.ActiveCfg = Debug|Any CPU
		{D17C75FB-9A93-4B3C-98D1-1520F78B212B}.Debug|Any CPU.Build.0 = Debug|Any CPU
		{D17C75FB-9A93-4B3C-98D1-1520F78B212B}.Release|Any CPU.ActiveCfg = Release|Any CPU
		{D17C75FB-9A93-4B3C-98D1-1520F78B212B}.Release|Any CPU.Build.0 = Release|Any CPU
		{038E0E16-88B1-4273-94AB-064F53C77F1B}.Debug|Any CPU.ActiveCfg = Debug|Any CPU
		{038E0E16-88B1-4273-94AB-064F53C77F1B}.Debug|Any CPU.Build.0 = Debug|Any CPU
		{038E0E16-88B1-4273-94AB-064F53C77F1B}.Release|Any CPU.ActiveCfg = Release|Any CPU
		{038E0E16-88B1-4273-94AB-064F53C77F1B}.Release|Any CPU.Build.0 = Release|Any CPU
	EndGlobalSection
	GlobalSection(SolutionProperties) = preSolution
		HideSolutionNode = FALSE
	EndGlobalSection
	GlobalSection(NestedProjects) = preSolution
		{E0B444ED-F8A7-4C85-9AA1-183324889241} = {7C367E70-A885-4142-B1CA-54EF5C76ADCD}
		{6CB900EF-087F-4520-9CA2-9072B39421DB} = {F696A151-25F8-42F0-BD4F-81D7C0EC2F8C}
		{FD4129B3-A9F5-4C62-8F36-A9BA50EF3FF9} = {EE19DC08-F899-4554-B115-D47C5634002C}
		{27B1E2D6-484F-49D3-8AE3-BBA7644705DD} = {F696A151-25F8-42F0-BD4F-81D7C0EC2F8C}
		{1A7F3695-0C3A-4465-A4D5-F7B8B70197DF} = {2E0E1696-6E7E-49E8-9BBC-C31222F3288A}
		{D76E906F-073D-4509-BF16-A6609ED0CC95} = {2E0E1696-6E7E-49E8-9BBC-C31222F3288A}
		{49E91170-3EC7-4F96-A7CF-548D80DC3E18} = {EE19DC08-F899-4554-B115-D47C5634002C}
		{D682BAB3-5A59-4717-9A7A-275B11271AA5} = {2E0E1696-6E7E-49E8-9BBC-C31222F3288A}
		{D17C75FB-9A93-4B3C-98D1-1520F78B212B} = {F7B9AD96-5E21-4F44-B597-44A21D86B661}
		{038E0E16-88B1-4273-94AB-064F53C77F1B} = {F7B9AD96-5E21-4F44-B597-44A21D86B661}
	EndGlobalSection
	GlobalSection(ExtensibilityGlobals) = postSolution
		SolutionGuid = {C67E0BB5-9EBC-48BB-AD35-CEEA1B64546C}
	EndGlobalSection
EndGlobal
